%{
  "briefly": {:hex, :briefly, "0.5.1", "ee10d48da7f79ed2aebdc3e536d5f9a0c3e36ff76c0ad0d4254653a152b13a8a", [:mix], [], "hexpm", "bd684aa92ad8b7b4e0d92c31200993c4bc1469fc68cd6d5f15144041bd15cb57"},
  "hacko": {:git, "https://github.com/forest-implementation/hacko.git", "043da93b099628b707cbcf8b78ac98ad95e7bf0f", []},
  "memoize": {:hex, :memoize, "1.4.3", "ead4ba248291acbaecbfe7e68ed762d329dd9c29c727020c7393dda4060c4471", [:mix], [], "hexpm", "a75176b84b9ce92faaf567c82fcbc584ef95727e0827cb38606b0a197f7e47ef"},
  "nimble_csv": {:hex, :nimble_csv, "1.2.0", "4e26385d260c61eba9d4412c71cea34421f296d5353f914afe3f2e71cce97722", [:mix], [], "hexpm", "d0628117fcc2148178b034044c55359b26966c6eaa8e2ce15777be3bbc91b12a"},
  "randixir": {:hex, :randixir, "0.1.0", "ff86f1d2598b9a8c65a100b51f0bedf591555c7d7279ba09bfbca5ad77897e6f", [:mix], [], "hexpm", "fba0dfde71a47f5b303ff0e7f97dd1be650cd3accd644ab764fcc3074a4b7a89"},
  "statistex": {:hex, :statistex, "1.0.0", "f3dc93f3c0c6c92e5f291704cf62b99b553253d7969e9a5fa713e5481cd858a5", [:mix], [], "hexpm", "ff9d8bee7035028ab4742ff52fc80a2aa35cece833cf5319009b52f1b5a86c27"},
  "statistex_robust": {:hex, :statistex_robust, "0.1.2", "129d8aa3cc2c2bae3ffd9ea7485e0acc10b51294f6c03c965f3f9b66aec8f205", [:mix], [{:briefly, "~> 0.3", [hex: :briefly, repo: "hexpm", optional: false]}, {:statistex, "~> 1.0", [hex: :statistex, repo: "hexpm", optional: false]}], "hexpm", "9666484c7d762f1d9846dd435f840aad54541d46d994393e20672ce2c738fa6f"},
}
